
Microsoft Visual Studio Solution File, Format Version 12.00
# Visual Studio Version 16
VisualStudioVersion = 16.0.31729.503
MinimumVisualStudioVersion = 10.0.40219.1
Project("{FAE04EC0-301F-11D3-BF4B-00C04F79EFBC}") = "FoodDeliveryWebsite.Server", "FoodDeliveryWebsite\Server\FoodDeliveryWebsite.Server.csproj", "{6C8C6AB7-E0D4-47AC-BD7B-9F1DC040B059}"
EndProject
Project("{FAE04EC0-301F-11D3-BF4B-00C04F79EFBC}") = "FoodDeliveryWebsite.Client", "FoodDeliveryWebsite\Client\FoodDeliveryWebsite.Client.csproj", "{F54576C3-1D90-4737-8D79-80E6BA0639C9}"
EndProject
Project("{FAE04EC0-301F-11D3-BF4B-00C04F79EFBC}") = "FoodDeliveryWebsite.Shared", "FoodDeliveryWebsite\Shared\FoodDeliveryWebsite.Shared.csproj", "{D843276B-EA85-4020-8655-AF25C7B2BF4A}"
EndProject
Global
	GlobalSection(SolutionConfigurationPlatforms) = preSolution
		Debug|Any CPU = Debug|Any CPU
		Release|Any CPU = Release|Any CPU
	EndGlobalSection
	GlobalSection(ProjectConfigurationPlatforms) = postSolution
		{6C8C6AB7-E0D4-47AC-BD7B-9F1DC040B059}.Debug|Any CPU.ActiveCfg = Debug|Any CPU
		{6C8C6AB7-E0D4-47AC-BD7B-9F1DC040B059}.Debug|Any CPU.Build.0 = Debug|Any CPU
		{6C8C6AB7-E0D4-47AC-BD7B-9F1DC040B059}.Release|Any CPU.ActiveCfg = Release|Any CPU
		{6C8C6AB7-E0D4-47AC-BD7B-9F1DC040B059}.Release|Any CPU.Build.0 = Release|Any CPU
		{F54576C3-1D90-4737-8D79-80E6BA0639C9}.Debug|Any CPU.ActiveCfg = Debug|Any CPU
		{F54576C3-1D90-4737-8D79-80E6BA0639C9}.Debug|Any CPU.Build.0 = Debug|Any CPU
		{F54576C3-1D90-4737-8D79-80E6BA0639C9}.Release|Any CPU.ActiveCfg = Release|Any CPU
		{F54576C3-1D90-4737-8D79-80E6BA0639C9}.Release|Any CPU.Build.0 = Release|Any CPU
		{D843276B-EA85-4020-8655-AF25C7B2BF4A}.Debug|Any CPU.ActiveCfg = Debug|Any CPU
		{D843276B-EA85-4020-8655-AF25C7B2BF4A}.Debug|Any CPU.Build.0 = Debug|Any CPU
		{D843276B-EA85-4020-8655-AF25C7B2BF4A}.Release|Any CPU.ActiveCfg = Release|Any CPU
		{D843276B-EA85-4020-8655-AF25C7B2BF4A}.Release|Any CPU.Build.0 = Release|Any CPU
	EndGlobalSection
	GlobalSection(SolutionProperties) = preSolution
		HideSolutionNode = FALSE
	EndGlobalSection
	GlobalSection(ExtensibilityGlobals) = postSolution
		SolutionGuid = {2C48765C-B30E-41A0-91E1-7141AFADA9DD}
	EndGlobalSection
EndGlobal
